
Microsoft Visual Studio Solution File, Format Version 12.00
# Visual Studio Version 16
VisualStudioVersion = 16.0.31829.152
MinimumVisualStudioVersion = 10.0.40219.1
Project("{FAE04EC0-301F-11D3-BF4B-00C04F79EFBC}") = "CarRentalMgmt2.Server", "CarRentalMgmt2\Server\CarRentalMgmt2.Server.csproj", "{46DEDBC3-1F11-4E73-92FB-052F7A75A22E}"
EndProject
Project("{FAE04EC0-301F-11D3-BF4B-00C04F79EFBC}") = "CarRentalMgmt2.Client", "CarRentalMgmt2\Client\CarRentalMgmt2.Client.csproj", "{3B5A1723-9530-4D74-BBDF-FA6AC5E9B4D3}"
EndProject
Project("{FAE04EC0-301F-11D3-BF4B-00C04F79EFBC}") = "CarRentalMgmt2.Shared", "CarRentalMgmt2\Shared\CarRentalMgmt2.Shared.csproj", "{2FE53E0A-9D64-45B0-82E1-5A277173337E}"
EndProject
Global
	GlobalSection(SolutionConfigurationPlatforms) = preSolution
		Debug|Any CPU = Debug|Any CPU
		Release|Any CPU = Release|Any CPU
	EndGlobalSection
	GlobalSection(ProjectConfigurationPlatforms) = postSolution
		{46DEDBC3-1F11-4E73-92FB-052F7A75A22E}.Debug|Any CPU.ActiveCfg = Debug|Any CPU
		{46DEDBC3-1F11-4E73-92FB-052F7A75A22E}.Debug|Any CPU.Build.0 = Debug|Any CPU
		{46DEDBC3-1F11-4E73-92FB-052F7A75A22E}.Release|Any CPU.ActiveCfg = Release|Any CPU
		{46DEDBC3-1F11-4E73-92FB-052F7A75A22E}.Release|Any CPU.Build.0 = Release|Any CPU
		{3B5A1723-9530-4D74-BBDF-FA6AC5E9B4D3}.Debug|Any CPU.ActiveCfg = Debug|Any CPU
		{3B5A1723-9530-4D74-BBDF-FA6AC5E9B4D3}.Debug|Any CPU.Build.0 = Debug|Any CPU
		{3B5A1723-9530-4D74-BBDF-FA6AC5E9B4D3}.Release|Any CPU.ActiveCfg = Release|Any CPU
		{3B5A1723-9530-4D74-BBDF-FA6AC5E9B4D3}.Release|Any CPU.Build.0 = Release|Any CPU
		{2FE53E0A-9D64-45B0-82E1-5A277173337E}.Debug|Any CPU.ActiveCfg = Debug|Any CPU
		{2FE53E0A-9D64-45B0-82E1-5A277173337E}.Debug|Any CPU.Build.0 = Debug|Any CPU
		{2FE53E0A-9D64-45B0-82E1-5A277173337E}.Release|Any CPU.ActiveCfg = Release|Any CPU
		{2FE53E0A-9D64-45B0-82E1-5A277173337E}.Release|Any CPU.Build.0 = Release|Any CPU
	EndGlobalSection
	GlobalSection(SolutionProperties) = preSolution
		HideSolutionNode = FALSE
	EndGlobalSection
	GlobalSection(ExtensibilityGlobals) = postSolution
		SolutionGuid = {BF410E56-C977-4776-A1E7-10D521FB280C}
	EndGlobalSection
EndGlobal
